
Microsoft Visual Studio Solution File, Format Version 12.00
# Visual Studio Version 17
VisualStudioVersion = 17.13.35913.81
MinimumVisualStudioVersion = 10.0.40219.1
Project("{FAE04EC0-301F-11D3-BF4B-00C04F79EFBC}") = "NetCoreAI.Project01_ApiDemo", "NetCoreAI.Project1_ApiDemo\NetCoreAI.Project01_ApiDemo.csproj", "{1ABB0D89-BF18-4B6F-BC30-2938D02C1EE3}"
EndProject
Project("{FAE04EC0-301F-11D3-BF4B-00C04F79EFBC}") = "NetCoreAI.Project02_ApiConsumeUI", "NetCoreAI.Project2_ApiConsumeUI\NetCoreAI.Project02_ApiConsumeUI.csproj", "{CD0164D9-A136-4742-AC14-83E04A254615}"
EndProject
Project("{FAE04EC0-301F-11D3-BF4B-00C04F79EFBC}") = "NetCoreAI.Project03_RapidApi", "NetCoreAI.Project3_RapidApi\NetCoreAI.Project03_RapidApi.csproj", "{735381C6-FE8A-403C-B5DE-DA8392E72C24}"
EndProject
Project("{FAE04EC0-301F-11D3-BF4B-00C04F79EFBC}") = "NetCoreAI.Project04_OpenAIChat", "NetCoreAI.Project04_OpenAIChat\NetCoreAI.Project04_OpenAIChat.csproj", "{04BDEE2E-CBD7-4CFF-9B6E-D3922E2621EB}"
EndProject
Project("{FAE04EC0-301F-11D3-BF4B-00C04F79EFBC}") = "NetCoreAI.Project05_OpenAIWhisperAudioTranskript", "NetCoreAI.Project05_OpenAIWhisperAudioTranskript\NetCoreAI.Project05_OpenAIWhisperAudioTranskript.csproj", "{B7D5857C-F4B8-4D11-83E0-3CF6ED86DA5B}"
EndProject
Project("{FAE04EC0-301F-11D3-BF4B-00C04F79EFBC}") = "NetCoreAI.Project06_DallEImageGeneration", "NetCoreAI.Project06_DallEImageGeneration\NetCoreAI.Project06_DallEImageGeneration.csproj", "{A08818B0-5C56-4770-B201-22481A80A1C6}"
EndProject
Global
	GlobalSection(SolutionConfigurationPlatforms) = preSolution
		Debug|Any CPU = Debug|Any CPU
		Release|Any CPU = Release|Any CPU
	EndGlobalSection
	GlobalSection(ProjectConfigurationPlatforms) = postSolution
		{1ABB0D89-BF18-4B6F-BC30-2938D02C1EE3}.Debug|Any CPU.ActiveCfg = Debug|Any CPU
		{1ABB0D89-BF18-4B6F-BC30-2938D02C1EE3}.Debug|Any CPU.Build.0 = Debug|Any CPU
		{1ABB0D89-BF18-4B6F-BC30-2938D02C1EE3}.Release|Any CPU.ActiveCfg = Release|Any CPU
		{1ABB0D89-BF18-4B6F-BC30-2938D02C1EE3}.Release|Any CPU.Build.0 = Release|Any CPU
		{CD0164D9-A136-4742-AC14-83E04A254615}.Debug|Any CPU.ActiveCfg = Debug|Any CPU
		{CD0164D9-A136-4742-AC14-83E04A254615}.Debug|Any CPU.Build.0 = Debug|Any CPU
		{CD0164D9-A136-4742-AC14-83E04A254615}.Release|Any CPU.ActiveCfg = Release|Any CPU
		{CD0164D9-A136-4742-AC14-83E04A254615}.Release|Any CPU.Build.0 = Release|Any CPU
		{735381C6-FE8A-403C-B5DE-DA8392E72C24}.Debug|Any CPU.ActiveCfg = Debug|Any CPU
		{735381C6-FE8A-403C-B5DE-DA8392E72C24}.Debug|Any CPU.Build.0 = Debug|Any CPU
		{735381C6-FE8A-403C-B5DE-DA8392E72C24}.Release|Any CPU.ActiveCfg = Release|Any CPU
		{735381C6-FE8A-403C-B5DE-DA8392E72C24}.Release|Any CPU.Build.0 = Release|Any CPU
		{04BDEE2E-CBD7-4CFF-9B6E-D3922E2621EB}.Debug|Any CPU.ActiveCfg = Debug|Any CPU
		{04BDEE2E-CBD7-4CFF-9B6E-D3922E2621EB}.Debug|Any CPU.Build.0 = Debug|Any CPU
		{04BDEE2E-CBD7-4CFF-9B6E-D3922E2621EB}.Release|Any CPU.ActiveCfg = Release|Any CPU
		{04BDEE2E-CBD7-4CFF-9B6E-D3922E2621EB}.Release|Any CPU.Build.0 = Release|Any CPU
		{B7D5857C-F4B8-4D11-83E0-3CF6ED86DA5B}.Debug|Any CPU.ActiveCfg = Debug|Any CPU
		{B7D5857C-F4B8-4D11-83E0-3CF6ED86DA5B}.Debug|Any CPU.Build.0 = Debug|Any CPU
		{B7D5857C-F4B8-4D11-83E0-3CF6ED86DA5B}.Release|Any CPU.ActiveCfg = Release|Any CPU
		{B7D5857C-F4B8-4D11-83E0-3CF6ED86DA5B}.Release|Any CPU.Build.0 = Release|Any CPU
		{A08818B0-5C56-4770-B201-22481A80A1C6}.Debug|Any CPU.ActiveCfg = Debug|Any CPU
		{A08818B0-5C56-4770-B201-22481A80A1C6}.Debug|Any CPU.Build.0 = Debug|Any CPU
		{A08818B0-5C56-4770-B201-22481A80A1C6}.Release|Any CPU.ActiveCfg = Release|Any CPU
		{A08818B0-5C56-4770-B201-22481A80A1C6}.Release|Any CPU.Build.0 = Release|Any CPU
	EndGlobalSection
	GlobalSection(SolutionProperties) = preSolution
		HideSolutionNode = FALSE
	EndGlobalSection
	GlobalSection(ExtensibilityGlobals) = postSolution
		SolutionGuid = {E04D5E37-9A96-411A-9B27-B321EE18B0D7}
	EndGlobalSection
EndGlobal
